
Microsoft Visual Studio Solution File, Format Version 12.00
Project("{FAE04EC0-301F-11D3-BF4B-00C04F79EFBC}") = "OrderFraudCheck", "OrderFraudCheck\OrderFraudCheck.csproj", "{5A3A3D44-B07F-48B4-B7C5-0C2708C954AC}"
EndProject
Project("{FAE04EC0-301F-11D3-BF4B-00C04F79EFBC}") = "OrderFraudCheck.UnitTests", "OrderFraudCheck.UnitTests\OrderFraudCheck.UnitTests.csproj", "{EBACF696-3A9C-4FCA-A972-04AB9FFFC46C}"
EndProject
Global
	GlobalSection(SolutionConfigurationPlatforms) = preSolution
		Debug|Any CPU = Debug|Any CPU
		Release|Any CPU = Release|Any CPU
	EndGlobalSection
	GlobalSection(ProjectConfigurationPlatforms) = postSolution
		{5A3A3D44-B07F-48B4-B7C5-0C2708C954AC}.Debug|Any CPU.ActiveCfg = Debug|Any CPU
		{5A3A3D44-B07F-48B4-B7C5-0C2708C954AC}.Debug|Any CPU.Build.0 = Debug|Any CPU
		{5A3A3D44-B07F-48B4-B7C5-0C2708C954AC}.Release|Any CPU.ActiveCfg = Release|Any CPU
		{5A3A3D44-B07F-48B4-B7C5-0C2708C954AC}.Release|Any CPU.Build.0 = Release|Any CPU
		{EBACF696-3A9C-4FCA-A972-04AB9FFFC46C}.Debug|Any CPU.ActiveCfg = Debug|Any CPU
		{EBACF696-3A9C-4FCA-A972-04AB9FFFC46C}.Debug|Any CPU.Build.0 = Debug|Any CPU
		{EBACF696-3A9C-4FCA-A972-04AB9FFFC46C}.Release|Any CPU.ActiveCfg = Release|Any CPU
		{EBACF696-3A9C-4FCA-A972-04AB9FFFC46C}.Release|Any CPU.Build.0 = Release|Any CPU
	EndGlobalSection
EndGlobal
